
Microsoft Visual Studio Solution File, Format Version 12.00
# Visual Studio Version 17
VisualStudioVersion = 17.10.34814.14
MinimumVisualStudioVersion = 10.0.40219.1
Project("{9A19103F-16F7-4668-BE54-9A1E7A4F7556}") = "Reptile.UI", "Libraries\Reptile.UI\Reptile.UI.csproj", "{BA532244-5CA3-41C9-A92B-6DB1C027E4DC}"
EndProject
Project("{2150E333-8FDC-42A3-9474-1A3956D46DE8}") = "Libraries", "Libraries", "{515B032F-3E69-4A6B-ABE4-31E21A51C644}"
EndProject
Project("{2150E333-8FDC-42A3-9474-1A3956D46DE8}") = "Integrations", "Integrations", "{140A65E6-E33E-4FAB-98CB-9D77EE85CF33}"
EndProject
Project("{9A19103F-16F7-4668-BE54-9A1E7A4F7556}") = "Reptile.Server", "Integration\Reptile.Server\Reptile.Server.csproj", "{7389966F-4944-424C-B729-56DED394ED70}"
EndProject
Project("{9A19103F-16F7-4668-BE54-9A1E7A4F7556}") = "Reptile.AI", "Libraries\Reptile.AI\Reptile.AI.csproj", "{3F4C63A9-849D-498D-9958-2E04926FDD2F}"
EndProject
Project("{2150E333-8FDC-42A3-9474-1A3956D46DE8}") = "Tests", "Tests", "{9DB31A81-F7DE-4674-BB18-EFB32377F980}"
EndProject
Project("{9A19103F-16F7-4668-BE54-9A1E7A4F7556}") = "Reptile.AI.Tests", "Tests\Reptile.AI.Tests\Reptile.AI.Tests.csproj", "{54DD6E73-FFA1-4FBB-BDC2-EC580D8F527F}"
EndProject
Project("{9A19103F-16F7-4668-BE54-9A1E7A4F7556}") = "Reptile.DataDive", "Libraries\Reptile.DataDive\Reptile.DataDive.csproj", "{F1D09F52-4CC2-4601-AA4E-4C618001A007}"
EndProject
Project("{9A19103F-16F7-4668-BE54-9A1E7A4F7556}") = "Reptile.SharedKernel.Tests", "Tests\Reptile.SharedKernel.Tests\Reptile.SharedKernel.Tests.csproj", "{DF5DE229-AFD3-4AAD-98B9-913642820937}"
EndProject
Project("{9A19103F-16F7-4668-BE54-9A1E7A4F7556}") = "Reptile.DataDive.Tests", "Tests\Reptile.DataDive.Tests\Reptile.DataDive.Tests.csproj", "{36B2D80F-0593-488E-B1CF-FB592E027ACD}"
EndProject
Project("{9A19103F-16F7-4668-BE54-9A1E7A4F7556}") = "Reptile.Mobile", "Integration\Reptile.Mobile\Reptile.Mobile.csproj", "{69C0DB8D-1115-4B46-A1BA-2E03527EA509}"
EndProject
Project("{9A19103F-16F7-4668-BE54-9A1E7A4F7556}") = "Reptile.Client", "Integration\Reptile.Client\Reptile.Client.csproj", "{A0D126B2-C59A-4068-8C14-43BB11FD81CD}"
EndProject
Project("{2150E333-8FDC-42A3-9474-1A3956D46DE8}") = "Solution Items", "Solution Items", "{4B84BE18-74F7-47CD-9B1B-5CE2C9C854BC}"
	ProjectSection(SolutionItems) = preProject
		.editorconfig = .editorconfig
	EndProjectSection
EndProject
Project("{FAE04EC0-301F-11D3-BF4B-00C04F79EFBC}") = "Reptile.SharedKernel", "Libraries\Reptile.SharedKernel\Reptile.SharedKernel.csproj", "{340F1F5F-9EEE-4332-B642-1A87C8B870BC}"
EndProject
Global
	GlobalSection(SolutionConfigurationPlatforms) = preSolution
		Debug|Any CPU = Debug|Any CPU
		Release|Any CPU = Release|Any CPU
		Ngrok|Any CPU = Ngrok|Any CPU
	EndGlobalSection
	GlobalSection(ProjectConfigurationPlatforms) = postSolution
		{BA532244-5CA3-41C9-A92B-6DB1C027E4DC}.Debug|Any CPU.ActiveCfg = Debug|Any CPU
		{BA532244-5CA3-41C9-A92B-6DB1C027E4DC}.Debug|Any CPU.Build.0 = Debug|Any CPU
		{BA532244-5CA3-41C9-A92B-6DB1C027E4DC}.Release|Any CPU.ActiveCfg = Release|Any CPU
		{BA532244-5CA3-41C9-A92B-6DB1C027E4DC}.Release|Any CPU.Build.0 = Release|Any CPU
		{BA532244-5CA3-41C9-A92B-6DB1C027E4DC}.Ngrok|Any CPU.ActiveCfg = Ngrok|Any CPU
		{BA532244-5CA3-41C9-A92B-6DB1C027E4DC}.Ngrok|Any CPU.Build.0 = Ngrok|Any CPU
		{7389966F-4944-424C-B729-56DED394ED70}.Debug|Any CPU.ActiveCfg = Debug|Any CPU
		{7389966F-4944-424C-B729-56DED394ED70}.Debug|Any CPU.Build.0 = Debug|Any CPU
		{7389966F-4944-424C-B729-56DED394ED70}.Release|Any CPU.ActiveCfg = Release|Any CPU
		{7389966F-4944-424C-B729-56DED394ED70}.Release|Any CPU.Build.0 = Release|Any CPU
		{7389966F-4944-424C-B729-56DED394ED70}.Ngrok|Any CPU.ActiveCfg = Ngrok|Any CPU
		{7389966F-4944-424C-B729-56DED394ED70}.Ngrok|Any CPU.Build.0 = Ngrok|Any CPU
		{3F4C63A9-849D-498D-9958-2E04926FDD2F}.Debug|Any CPU.ActiveCfg = Debug|Any CPU
		{3F4C63A9-849D-498D-9958-2E04926FDD2F}.Debug|Any CPU.Build.0 = Debug|Any CPU
		{3F4C63A9-849D-498D-9958-2E04926FDD2F}.Release|Any CPU.ActiveCfg = Release|Any CPU
		{3F4C63A9-849D-498D-9958-2E04926FDD2F}.Release|Any CPU.Build.0 = Release|Any CPU
		{3F4C63A9-849D-498D-9958-2E04926FDD2F}.Ngrok|Any CPU.ActiveCfg = Ngrok|Any CPU
		{3F4C63A9-849D-498D-9958-2E04926FDD2F}.Ngrok|Any CPU.Build.0 = Ngrok|Any CPU
		{54DD6E73-FFA1-4FBB-BDC2-EC580D8F527F}.Debug|Any CPU.ActiveCfg = Debug|Any CPU
		{54DD6E73-FFA1-4FBB-BDC2-EC580D8F527F}.Debug|Any CPU.Build.0 = Debug|Any CPU
		{54DD6E73-FFA1-4FBB-BDC2-EC580D8F527F}.Release|Any CPU.ActiveCfg = Release|Any CPU
		{54DD6E73-FFA1-4FBB-BDC2-EC580D8F527F}.Release|Any CPU.Build.0 = Release|Any CPU
		{54DD6E73-FFA1-4FBB-BDC2-EC580D8F527F}.Ngrok|Any CPU.ActiveCfg = Ngrok|Any CPU
		{54DD6E73-FFA1-4FBB-BDC2-EC580D8F527F}.Ngrok|Any CPU.Build.0 = Ngrok|Any CPU
		{F1D09F52-4CC2-4601-AA4E-4C618001A007}.Debug|Any CPU.ActiveCfg = Debug|Any CPU
		{F1D09F52-4CC2-4601-AA4E-4C618001A007}.Debug|Any CPU.Build.0 = Debug|Any CPU
		{F1D09F52-4CC2-4601-AA4E-4C618001A007}.Release|Any CPU.ActiveCfg = Release|Any CPU
		{F1D09F52-4CC2-4601-AA4E-4C618001A007}.Release|Any CPU.Build.0 = Release|Any CPU
		{F1D09F52-4CC2-4601-AA4E-4C618001A007}.Ngrok|Any CPU.ActiveCfg = Ngrok|Any CPU
		{F1D09F52-4CC2-4601-AA4E-4C618001A007}.Ngrok|Any CPU.Build.0 = Ngrok|Any CPU
		{DF5DE229-AFD3-4AAD-98B9-913642820937}.Debug|Any CPU.ActiveCfg = Debug|Any CPU
		{DF5DE229-AFD3-4AAD-98B9-913642820937}.Debug|Any CPU.Build.0 = Debug|Any CPU
		{DF5DE229-AFD3-4AAD-98B9-913642820937}.Release|Any CPU.ActiveCfg = Release|Any CPU
		{DF5DE229-AFD3-4AAD-98B9-913642820937}.Release|Any CPU.Build.0 = Release|Any CPU
		{DF5DE229-AFD3-4AAD-98B9-913642820937}.Ngrok|Any CPU.ActiveCfg = Ngrok|Any CPU
		{DF5DE229-AFD3-4AAD-98B9-913642820937}.Ngrok|Any CPU.Build.0 = Ngrok|Any CPU
		{36B2D80F-0593-488E-B1CF-FB592E027ACD}.Debug|Any CPU.ActiveCfg = Debug|Any CPU
		{36B2D80F-0593-488E-B1CF-FB592E027ACD}.Debug|Any CPU.Build.0 = Debug|Any CPU
		{36B2D80F-0593-488E-B1CF-FB592E027ACD}.Release|Any CPU.ActiveCfg = Release|Any CPU
		{36B2D80F-0593-488E-B1CF-FB592E027ACD}.Release|Any CPU.Build.0 = Release|Any CPU
		{36B2D80F-0593-488E-B1CF-FB592E027ACD}.Ngrok|Any CPU.ActiveCfg = Ngrok|Any CPU
		{36B2D80F-0593-488E-B1CF-FB592E027ACD}.Ngrok|Any CPU.Build.0 = Ngrok|Any CPU
		{69C0DB8D-1115-4B46-A1BA-2E03527EA509}.Debug|Any CPU.ActiveCfg = Debug|Any CPU
		{69C0DB8D-1115-4B46-A1BA-2E03527EA509}.Debug|Any CPU.Build.0 = Debug|Any CPU
		{69C0DB8D-1115-4B46-A1BA-2E03527EA509}.Debug|Any CPU.Deploy.0 = Debug|Any CPU
		{69C0DB8D-1115-4B46-A1BA-2E03527EA509}.Release|Any CPU.ActiveCfg = Release|Any CPU
		{69C0DB8D-1115-4B46-A1BA-2E03527EA509}.Release|Any CPU.Build.0 = Release|Any CPU
		{69C0DB8D-1115-4B46-A1BA-2E03527EA509}.Ngrok|Any CPU.ActiveCfg = Ngrok|Any CPU
		{69C0DB8D-1115-4B46-A1BA-2E03527EA509}.Ngrok|Any CPU.Build.0 = Ngrok|Any CPU
		{A0D126B2-C59A-4068-8C14-43BB11FD81CD}.Debug|Any CPU.ActiveCfg = Debug|Any CPU
		{A0D126B2-C59A-4068-8C14-43BB11FD81CD}.Debug|Any CPU.Build.0 = Debug|Any CPU
		{A0D126B2-C59A-4068-8C14-43BB11FD81CD}.Release|Any CPU.ActiveCfg = Release|Any CPU
		{A0D126B2-C59A-4068-8C14-43BB11FD81CD}.Release|Any CPU.Build.0 = Release|Any CPU
		{A0D126B2-C59A-4068-8C14-43BB11FD81CD}.Ngrok|Any CPU.ActiveCfg = Ngrok|Any CPU
		{A0D126B2-C59A-4068-8C14-43BB11FD81CD}.Ngrok|Any CPU.Build.0 = Ngrok|Any CPU
		{340F1F5F-9EEE-4332-B642-1A87C8B870BC}.Debug|Any CPU.ActiveCfg = Debug|Any CPU
		{340F1F5F-9EEE-4332-B642-1A87C8B870BC}.Debug|Any CPU.Build.0 = Debug|Any CPU
		{340F1F5F-9EEE-4332-B642-1A87C8B870BC}.Release|Any CPU.ActiveCfg = Release|Any CPU
		{340F1F5F-9EEE-4332-B642-1A87C8B870BC}.Release|Any CPU.Build.0 = Release|Any CPU
		{340F1F5F-9EEE-4332-B642-1A87C8B870BC}.Ngrok|Any CPU.ActiveCfg = Ngrok|Any CPU
		{340F1F5F-9EEE-4332-B642-1A87C8B870BC}.Ngrok|Any CPU.Build.0 = Ngrok|Any CPU
	EndGlobalSection
	GlobalSection(SolutionProperties) = preSolution
		HideSolutionNode = FALSE
	EndGlobalSection
	GlobalSection(NestedProjects) = preSolution
		{BA532244-5CA3-41C9-A92B-6DB1C027E4DC} = {515B032F-3E69-4A6B-ABE4-31E21A51C644}
		{7389966F-4944-424C-B729-56DED394ED70} = {140A65E6-E33E-4FAB-98CB-9D77EE85CF33}
		{3F4C63A9-849D-498D-9958-2E04926FDD2F} = {515B032F-3E69-4A6B-ABE4-31E21A51C644}
		{54DD6E73-FFA1-4FBB-BDC2-EC580D8F527F} = {9DB31A81-F7DE-4674-BB18-EFB32377F980}
		{F1D09F52-4CC2-4601-AA4E-4C618001A007} = {515B032F-3E69-4A6B-ABE4-31E21A51C644}
		{DF5DE229-AFD3-4AAD-98B9-913642820937} = {9DB31A81-F7DE-4674-BB18-EFB32377F980}
		{36B2D80F-0593-488E-B1CF-FB592E027ACD} = {9DB31A81-F7DE-4674-BB18-EFB32377F980}
		{69C0DB8D-1115-4B46-A1BA-2E03527EA509} = {140A65E6-E33E-4FAB-98CB-9D77EE85CF33}
		{A0D126B2-C59A-4068-8C14-43BB11FD81CD} = {140A65E6-E33E-4FAB-98CB-9D77EE85CF33}
		{340F1F5F-9EEE-4332-B642-1A87C8B870BC} = {515B032F-3E69-4A6B-ABE4-31E21A51C644}
	EndGlobalSection
	GlobalSection(ExtensibilityGlobals) = postSolution
		SolutionGuid = {2DE051BE-4975-4677-8D2A-A0075363C291}
	EndGlobalSection
EndGlobal
